
Microsoft Visual Studio Solution File, Format Version 12.00
# Visual Studio Version 17
VisualStudioVersion = 17.8.34309.116
MinimumVisualStudioVersion = 10.0.40219.1
Project("{FAE04EC0-301F-11D3-BF4B-00C04F79EFBC}") = "ScreenSound_Avany", "ScreenSound_Avany.csproj", "{C62C17A2-3857-42C5-8A46-7E821452B01A}"
EndProject
Global
	GlobalSection(SolutionConfigurationPlatforms) = preSolution
		Debug|Any CPU = Debug|Any CPU
		Release|Any CPU = Release|Any CPU
	EndGlobalSection
	GlobalSection(ProjectConfigurationPlatforms) = postSolution
		{C62C17A2-3857-42C5-8A46-7E821452B01A}.Debug|Any CPU.ActiveCfg = Debug|Any CPU
		{C62C17A2-3857-42C5-8A46-7E821452B01A}.Debug|Any CPU.Build.0 = Debug|Any CPU
		{C62C17A2-3857-42C5-8A46-7E821452B01A}.Release|Any CPU.ActiveCfg = Release|Any CPU
		{C62C17A2-3857-42C5-8A46-7E821452B01A}.Release|Any CPU.Build.0 = Release|Any CPU
	EndGlobalSection
	GlobalSection(SolutionProperties) = preSolution
		HideSolutionNode = FALSE
	EndGlobalSection
	GlobalSection(ExtensibilityGlobals) = postSolution
		SolutionGuid = {486D29E7-D6EC-4873-87BB-AC62C82D82D2}
	EndGlobalSection
EndGlobal
